Microsoft Visual Studio Solution File, Format Version 12.00
# Visual Studio 15
VisualStudioVersion = 15.0.28307.106
MinimumVisualStudioVersion = 10.0.40219.1
Project("{FAE04EC0-301F-11D3-BF4B-00C04F79EFBC}") = "DotNetOpenMail", "DotNetOpenMail\DotNetOpenMail.csproj", "{6FBB299F-81A1-49EA-B00A-E916F8F797B3}"
EndProject
Project("{FAE04EC0-301F-11D3-BF4B-00C04F79EFBC}") = "DotNetOpenMailTests", "DotNetOpenMailTests\DotNetOpenMailTests.csproj", "{74F3DCD7-1325-4968-B466-38618A380CE9}"
EndProject
Project("{2150E333-8FDC-42A3-9474-1A3956D46DE8}") = "Solution Items", "Solution Items", "{643C301A-B110-41E7-B0F7-FA2CA4AE335D}"
	ProjectSection(SolutionItems) = preProject
		CHANGES.txt = CHANGES.txt
		DotNetOpenMailTests.dll.config = DotNetOpenMailTests.dll.config
		DotNetOpenMailTests.dll.config.demo = DotNetOpenMailTests.dll.config.demo
		DotNetOpenMailTests.dll.log4net = DotNetOpenMailTests.dll.log4net
		LICENSE.txt = LICENSE.txt
		README.txt = README.txt
		README_NUNIT.txt = README_NUNIT.txt
	EndProjectSection
EndProject
Global
	GlobalSection(SolutionConfigurationPlatforms) = preSolution
		Debug|Any CPU = Debug|Any CPU
		Release|Any CPU = Release|Any CPU
	EndGlobalSection
	GlobalSection(ProjectConfigurationPlatforms) = postSolution
		{6FBB299F-81A1-49EA-B00A-E916F8F797B3}.Debug|Any CPU.ActiveCfg = Debug|Any CPU
		{6FBB299F-81A1-49EA-B00A-E916F8F797B3}.Debug|Any CPU.Build.0 = Debug|Any CPU
		{6FBB299F-81A1-49EA-B00A-E916F8F797B3}.Release|Any CPU.ActiveCfg = Release|Any CPU
		{6FBB299F-81A1-49EA-B00A-E916F8F797B3}.Release|Any CPU.Build.0 = Release|Any CPU
		{74F3DCD7-1325-4968-B466-38618A380CE9}.Debug|Any CPU.ActiveCfg = Debug|Any CPU
		{74F3DCD7-1325-4968-B466-38618A380CE9}.Debug|Any CPU.Build.0 = Debug|Any CPU
		{74F3DCD7-1325-4968-B466-38618A380CE9}.Release|Any CPU.ActiveCfg = Release|Any CPU
	EndGlobalSection
	GlobalSection(SolutionProperties) = preSolution
		HideSolutionNode = FALSE
	EndGlobalSection
	GlobalSection(ExtensibilityGlobals) = postSolution
		SolutionGuid = {31BC050A-2A12-4377-B072-BA9302262B6A}
	EndGlobalSection
EndGlobal
