Microsoft Visual Studio Solution File, Format Version 9.00
# Visual Studio 2005
Project("{FAE04EC0-301F-11D3-BF4B-00C04F79EFBC}") = "OpenMetaverse.GUI", "..\libomv\OpenMetaverse.GUI\OpenMetaverse.GUI.csproj", "{4F6C1E4E-EE4D-4DBB-BE12-EC3696067CA0}"
EndProject
Project("{FAE04EC0-301F-11D3-BF4B-00C04F79EFBC}") = "GridAccountant", "..\libomv\Programs\examples\GridAccountant\GridAccountant.csproj", "{A98CF24C-D806-49C2-979F-CA73B7BFCD32}"
EndProject
Project("{FAE04EC0-301F-11D3-BF4B-00C04F79EFBC}") = "OpenMetaverseTypes", "..\libomv\OpenMetaverse\Types\OpenMetaverseTypes.csproj", "{DEE84179-29D0-46DE-AD72-FA9F4EFF5EF8}"
EndProject
Project("{FAE04EC0-301F-11D3-BF4B-00C04F79EFBC}") = "groupmanager", "..\libomv\Programs\examples\groupmanager\groupmanager.csproj", "{34803ABA-E82C-44F4-92D2-B497063232FC}"
EndProject
Project("{FAE04EC0-301F-11D3-BF4B-00C04F79EFBC}") = "Dashboard", "..\libomv\Programs\examples\Dashboard\Dashboard.csproj", "{CD18A8E8-1D60-4F2D-AB5C-5F2809EE621E}"
EndProject
Project("{FAE04EC0-301F-11D3-BF4B-00C04F79EFBC}") = "Baker", "..\libomv\Programs\Baker\Baker.csproj", "{FAEF408C-1BDD-4BAB-8F95-93416A73E2BA}"
EndProject
Project("{FAE04EC0-301F-11D3-BF4B-00C04F79EFBC}") = "VoiceTest", "..\libomv\Programs\VoiceTest\VoiceTest.csproj", "{23D56027-7EB1-4760-9E1C-A552AB88E871}"
EndProject
Project("{FAE04EC0-301F-11D3-BF4B-00C04F79EFBC}") = "GridProxy", "..\libomv\Programs\GridProxy\GridProxy.csproj", "{73D209AB-94DC-43CF-A06A-0526B4F98A6D}"
EndProject
Project("{FAE04EC0-301F-11D3-BF4B-00C04F79EFBC}") = "importprimscript", "..\libomv\Programs\importprimscript\importprimscript.csproj", "{6D7686A2-46E7-48BE-9780-91C7E74587EC}"
EndProject
Project("{FAE04EC0-301F-11D3-BF4B-00C04F79EFBC}") = "GridImageUpload", "..\libomv\Programs\GridImageUpload\GridImageUpload.csproj", "{CA2CA286-06CA-4901-A26A-72A3F3639C1B}"
EndProject
Project("{FAE04EC0-301F-11D3-BF4B-00C04F79EFBC}") = "GUITestClient", "..\libomv\Programs\examples\GUITestClient\GUITestClient.csproj", "{B584E6CA-CDAD-41E8-8C05-A537E5C8AC08}"
EndProject
Project("{FAE04EC0-301F-11D3-BF4B-00C04F79EFBC}") = "mapgenerator", "..\libomv\Programs\mapgenerator\mapgenerator.csproj", "{EED2749A-D980-427F-9C26-0D80B073DBA8}"
EndProject
Project("{FAE04EC0-301F-11D3-BF4B-00C04F79EFBC}") = "OpenMetaverse.Utilities", "..\libomv\OpenMetaverse.Utilities\OpenMetaverse.Utilities.csproj", "{AC0B9533-D1C6-4737-A680-317BAEB67101}"
EndProject
Project("{FAE04EC0-301F-11D3-BF4B-00C04F79EFBC}") = "Heightmap", "..\libomv\Programs\examples\Heightmap\Heightmap.csproj", "{3CC31F7C-774D-481A-B46A-373842DD6F7D}"
EndProject
Project("{FAE04EC0-301F-11D3-BF4B-00C04F79EFBC}") = "OpenMetaverse", "..\libomv\OpenMetaverse\OpenMetaverse.csproj", "{6FBFDC0E-C626-4D88-9C2C-FFF24E030060}"
EndProject
Project("{FAE04EC0-301F-11D3-BF4B-00C04F79EFBC}") = "PacketDump", "..\libomv\Programs\examples\PacketDump\PacketDump.csproj", "{2A8F0C45-0536-4BCF-A0C2-760B6E96A2C3}"
EndProject
Project("{FAE04EC0-301F-11D3-BF4B-00C04F79EFBC}") = "VisualParamGenerator", "..\libomv\Programs\VisualParamGenerator\VisualParamGenerator.csproj", "{F671DC1C-AF2F-46EE-B00F-44B995349E1E}"
EndProject
Project("{FAE04EC0-301F-11D3-BF4B-00C04F79EFBC}") = "Simian", "..\libomv\Programs\Simian\Simian.csproj", "{02E4E597-681B-4673-87B2-66AC63FECF09}"
EndProject
Project("{FAE04EC0-301F-11D3-BF4B-00C04F79EFBC}") = "AvatarPreview", "..\libomv\Programs\AvatarPreview\AvatarPreview.csproj", "{5690FE1F-2A6D-485F-AEA5-71DF5725AC87}"
EndProject
Project("{FAE04EC0-301F-11D3-BF4B-00C04F79EFBC}") = "OpenMetaverse.Rendering.Simple", "..\libomv\OpenMetaverse.Rendering.Simple\OpenMetaverse.Rendering.Simple.csproj", "{9235ED21-5781-4D21-959D-D928C5787AEB}"
EndProject
Project("{FAE04EC0-301F-11D3-BF4B-00C04F79EFBC}") = "OpenMetaverse.Tests", "..\libomv\OpenMetaverse.Tests\OpenMetaverse.Tests.csproj", "{946807F4-4919-421C-9F53-0BE03BAED098}"
EndProject
Project("{FAE04EC0-301F-11D3-BF4B-00C04F79EFBC}") = "TestClient", "..\libomv\Programs\examples\TestClient\TestClient.csproj", "{A3421C7F-666D-4855-B15A-01645EE16E37}"
EndProject
Project("{FAE04EC0-301F-11D3-BF4B-00C04F79EFBC}") = "SecondGlance", "..\libomv\Programs\SecondGlance\SecondGlance.csproj", "{07DF7FC4-A780-4D1D-88F4-B7F0D9501B7C}"
EndProject
Project("{FAE04EC0-301F-11D3-BF4B-00C04F79EFBC}") = "GridProxyApp", "..\libomv\Programs\GridProxy\GridProxyApp.csproj", "{8106BC16-82C1-471C-916B-E61043936CFA}"
EndProject
Project("{FAE04EC0-301F-11D3-BF4B-00C04F79EFBC}") = "PrimWorkshop", "..\libomv\Programs\PrimWorkshop\PrimWorkshop.csproj", "{187937F9-5783-4101-A45E-E5D851AEFDAA}"
EndProject
Project("{2150E333-8FDC-42A3-9474-1A3956D46DE8}") = "Solution Files", "Solution Files", "{9A13BBF8-F728-41B3-A706-D3112CC68322}"
EndProject
Global
	GlobalSection(SolutionConfigurationPlatforms) = preSolution
		Debug|Any CPU = Debug|Any CPU
		Release|Any CPU = Release|Any CPU
	EndGlobalSection
	GlobalSection(ProjectConfigurationPlatforms) = postSolution
		{4F6C1E4E-EE4D-4DBB-BE12-EC3696067CA0}.Debug|Any CPU.ActiveCfg = Debug|Any CPU
		{4F6C1E4E-EE4D-4DBB-BE12-EC3696067CA0}.Debug|Any CPU.Build.0 = Debug|Any CPU
		{4F6C1E4E-EE4D-4DBB-BE12-EC3696067CA0}.Release|Any CPU.ActiveCfg = Release|Any CPU
		{4F6C1E4E-EE4D-4DBB-BE12-EC3696067CA0}.Release|Any CPU.Build.0 = Release|Any CPU
		{A98CF24C-D806-49C2-979F-CA73B7BFCD32}.Debug|Any CPU.ActiveCfg = Debug|Any CPU
		{A98CF24C-D806-49C2-979F-CA73B7BFCD32}.Debug|Any CPU.Build.0 = Debug|Any CPU
		{A98CF24C-D806-49C2-979F-CA73B7BFCD32}.Release|Any CPU.ActiveCfg = Release|Any CPU
		{A98CF24C-D806-49C2-979F-CA73B7BFCD32}.Release|Any CPU.Build.0 = Release|Any CPU
		{DEE84179-29D0-46DE-AD72-FA9F4EFF5EF8}.Debug|Any CPU.ActiveCfg = Debug|Any CPU
		{DEE84179-29D0-46DE-AD72-FA9F4EFF5EF8}.Debug|Any CPU.Build.0 = Debug|Any CPU
		{DEE84179-29D0-46DE-AD72-FA9F4EFF5EF8}.Release|Any CPU.ActiveCfg = Release|Any CPU
		{DEE84179-29D0-46DE-AD72-FA9F4EFF5EF8}.Release|Any CPU.Build.0 = Release|Any CPU
		{34803ABA-E82C-44F4-92D2-B497063232FC}.Debug|Any CPU.ActiveCfg = Debug|Any CPU
		{34803ABA-E82C-44F4-92D2-B497063232FC}.Debug|Any CPU.Build.0 = Debug|Any CPU
		{34803ABA-E82C-44F4-92D2-B497063232FC}.Release|Any CPU.ActiveCfg = Release|Any CPU
		{34803ABA-E82C-44F4-92D2-B497063232FC}.Release|Any CPU.Build.0 = Release|Any CPU
		{CD18A8E8-1D60-4F2D-AB5C-5F2809EE621E}.Debug|Any CPU.ActiveCfg = Debug|Any CPU
		{CD18A8E8-1D60-4F2D-AB5C-5F2809EE621E}.Debug|Any CPU.Build.0 = Debug|Any CPU
		{CD18A8E8-1D60-4F2D-AB5C-5F2809EE621E}.Release|Any CPU.ActiveCfg = Release|Any CPU
		{CD18A8E8-1D60-4F2D-AB5C-5F2809EE621E}.Release|Any CPU.Build.0 = Release|Any CPU
		{FAEF408C-1BDD-4BAB-8F95-93416A73E2BA}.Debug|Any CPU.ActiveCfg = Debug|Any CPU
		{FAEF408C-1BDD-4BAB-8F95-93416A73E2BA}.Debug|Any CPU.Build.0 = Debug|Any CPU
		{FAEF408C-1BDD-4BAB-8F95-93416A73E2BA}.Release|Any CPU.ActiveCfg = Release|Any CPU
		{FAEF408C-1BDD-4BAB-8F95-93416A73E2BA}.Release|Any CPU.Build.0 = Release|Any CPU
		{23D56027-7EB1-4760-9E1C-A552AB88E871}.Debug|Any CPU.ActiveCfg = Debug|Any CPU
		{23D56027-7EB1-4760-9E1C-A552AB88E871}.Debug|Any CPU.Build.0 = Debug|Any CPU
		{23D56027-7EB1-4760-9E1C-A552AB88E871}.Release|Any CPU.ActiveCfg = Release|Any CPU
		{23D56027-7EB1-4760-9E1C-A552AB88E871}.Release|Any CPU.Build.0 = Release|Any CPU
		{73D209AB-94DC-43CF-A06A-0526B4F98A6D}.Debug|Any CPU.ActiveCfg = Debug|Any CPU
		{73D209AB-94DC-43CF-A06A-0526B4F98A6D}.Debug|Any CPU.Build.0 = Debug|Any CPU
		{73D209AB-94DC-43CF-A06A-0526B4F98A6D}.Release|Any CPU.ActiveCfg = Release|Any CPU
		{73D209AB-94DC-43CF-A06A-0526B4F98A6D}.Release|Any CPU.Build.0 = Release|Any CPU
		{6D7686A2-46E7-48BE-9780-91C7E74587EC}.Debug|Any CPU.ActiveCfg = Debug|Any CPU
		{6D7686A2-46E7-48BE-9780-91C7E74587EC}.Debug|Any CPU.Build.0 = Debug|Any CPU
		{6D7686A2-46E7-48BE-9780-91C7E74587EC}.Release|Any CPU.ActiveCfg = Release|Any CPU
		{6D7686A2-46E7-48BE-9780-91C7E74587EC}.Release|Any CPU.Build.0 = Release|Any CPU
		{CA2CA286-06CA-4901-A26A-72A3F3639C1B}.Debug|Any CPU.ActiveCfg = Debug|Any CPU
		{CA2CA286-06CA-4901-A26A-72A3F3639C1B}.Debug|Any CPU.Build.0 = Debug|Any CPU
		{CA2CA286-06CA-4901-A26A-72A3F3639C1B}.Release|Any CPU.ActiveCfg = Release|Any CPU
		{CA2CA286-06CA-4901-A26A-72A3F3639C1B}.Release|Any CPU.Build.0 = Release|Any CPU
		{B584E6CA-CDAD-41E8-8C05-A537E5C8AC08}.Debug|Any CPU.ActiveCfg = Debug|Any CPU
		{B584E6CA-CDAD-41E8-8C05-A537E5C8AC08}.Debug|Any CPU.Build.0 = Debug|Any CPU
		{B584E6CA-CDAD-41E8-8C05-A537E5C8AC08}.Release|Any CPU.ActiveCfg = Release|Any CPU
		{B584E6CA-CDAD-41E8-8C05-A537E5C8AC08}.Release|Any CPU.Build.0 = Release|Any CPU
		{EED2749A-D980-427F-9C26-0D80B073DBA8}.Debug|Any CPU.ActiveCfg = Debug|Any CPU
		{EED2749A-D980-427F-9C26-0D80B073DBA8}.Debug|Any CPU.Build.0 = Debug|Any CPU
		{EED2749A-D980-427F-9C26-0D80B073DBA8}.Release|Any CPU.ActiveCfg = Release|Any CPU
		{EED2749A-D980-427F-9C26-0D80B073DBA8}.Release|Any CPU.Build.0 = Release|Any CPU
		{AC0B9533-D1C6-4737-A680-317BAEB67101}.Debug|Any CPU.ActiveCfg = Debug|Any CPU
		{AC0B9533-D1C6-4737-A680-317BAEB67101}.Debug|Any CPU.Build.0 = Debug|Any CPU
		{AC0B9533-D1C6-4737-A680-317BAEB67101}.Release|Any CPU.ActiveCfg = Release|Any CPU
		{AC0B9533-D1C6-4737-A680-317BAEB67101}.Release|Any CPU.Build.0 = Release|Any CPU
		{3CC31F7C-774D-481A-B46A-373842DD6F7D}.Debug|Any CPU.ActiveCfg = Debug|Any CPU
		{3CC31F7C-774D-481A-B46A-373842DD6F7D}.Debug|Any CPU.Build.0 = Debug|Any CPU
		{3CC31F7C-774D-481A-B46A-373842DD6F7D}.Release|Any CPU.ActiveCfg = Release|Any CPU
		{3CC31F7C-774D-481A-B46A-373842DD6F7D}.Release|Any CPU.Build.0 = Release|Any CPU
		{6FBFDC0E-C626-4D88-9C2C-FFF24E030060}.Debug|Any CPU.ActiveCfg = Debug|Any CPU
		{6FBFDC0E-C626-4D88-9C2C-FFF24E030060}.Debug|Any CPU.Build.0 = Debug|Any CPU
		{6FBFDC0E-C626-4D88-9C2C-FFF24E030060}.Release|Any CPU.ActiveCfg = Release|Any CPU
		{6FBFDC0E-C626-4D88-9C2C-FFF24E030060}.Release|Any CPU.Build.0 = Release|Any CPU
		{2A8F0C45-0536-4BCF-A0C2-760B6E96A2C3}.Debug|Any CPU.ActiveCfg = Debug|Any CPU
		{2A8F0C45-0536-4BCF-A0C2-760B6E96A2C3}.Debug|Any CPU.Build.0 = Debug|Any CPU
		{2A8F0C45-0536-4BCF-A0C2-760B6E96A2C3}.Release|Any CPU.ActiveCfg = Release|Any CPU
		{2A8F0C45-0536-4BCF-A0C2-760B6E96A2C3}.Release|Any CPU.Build.0 = Release|Any CPU
		{F671DC1C-AF2F-46EE-B00F-44B995349E1E}.Debug|Any CPU.ActiveCfg = Debug|Any CPU
		{F671DC1C-AF2F-46EE-B00F-44B995349E1E}.Debug|Any CPU.Build.0 = Debug|Any CPU
		{F671DC1C-AF2F-46EE-B00F-44B995349E1E}.Release|Any CPU.ActiveCfg = Release|Any CPU
		{F671DC1C-AF2F-46EE-B00F-44B995349E1E}.Release|Any CPU.Build.0 = Release|Any CPU
		{02E4E597-681B-4673-87B2-66AC63FECF09}.Debug|Any CPU.ActiveCfg = Debug|Any CPU
		{02E4E597-681B-4673-87B2-66AC63FECF09}.Debug|Any CPU.Build.0 = Debug|Any CPU
		{02E4E597-681B-4673-87B2-66AC63FECF09}.Release|Any CPU.ActiveCfg = Release|Any CPU
		{02E4E597-681B-4673-87B2-66AC63FECF09}.Release|Any CPU.Build.0 = Release|Any CPU
		{5690FE1F-2A6D-485F-AEA5-71DF5725AC87}.Debug|Any CPU.ActiveCfg = Debug|Any CPU
		{5690FE1F-2A6D-485F-AEA5-71DF5725AC87}.Debug|Any CPU.Build.0 = Debug|Any CPU
		{5690FE1F-2A6D-485F-AEA5-71DF5725AC87}.Release|Any CPU.ActiveCfg = Release|Any CPU
		{5690FE1F-2A6D-485F-AEA5-71DF5725AC87}.Release|Any CPU.Build.0 = Release|Any CPU
		{9235ED21-5781-4D21-959D-D928C5787AEB}.Debug|Any CPU.ActiveCfg = Debug|Any CPU
		{9235ED21-5781-4D21-959D-D928C5787AEB}.Debug|Any CPU.Build.0 = Debug|Any CPU
		{9235ED21-5781-4D21-959D-D928C5787AEB}.Release|Any CPU.ActiveCfg = Release|Any CPU
		{9235ED21-5781-4D21-959D-D928C5787AEB}.Release|Any CPU.Build.0 = Release|Any CPU
		{946807F4-4919-421C-9F53-0BE03BAED098}.Debug|Any CPU.ActiveCfg = Debug|Any CPU
		{946807F4-4919-421C-9F53-0BE03BAED098}.Debug|Any CPU.Build.0 = Debug|Any CPU
		{946807F4-4919-421C-9F53-0BE03BAED098}.Release|Any CPU.ActiveCfg = Release|Any CPU
		{946807F4-4919-421C-9F53-0BE03BAED098}.Release|Any CPU.Build.0 = Release|Any CPU
		{A3421C7F-666D-4855-B15A-01645EE16E37}.Debug|Any CPU.ActiveCfg = Debug|Any CPU
		{A3421C7F-666D-4855-B15A-01645EE16E37}.Debug|Any CPU.Build.0 = Debug|Any CPU
		{A3421C7F-666D-4855-B15A-01645EE16E37}.Release|Any CPU.ActiveCfg = Release|Any CPU
		{A3421C7F-666D-4855-B15A-01645EE16E37}.Release|Any CPU.Build.0 = Release|Any CPU
		{07DF7FC4-A780-4D1D-88F4-B7F0D9501B7C}.Debug|Any CPU.ActiveCfg = Debug|Any CPU
		{07DF7FC4-A780-4D1D-88F4-B7F0D9501B7C}.Debug|Any CPU.Build.0 = Debug|Any CPU
		{07DF7FC4-A780-4D1D-88F4-B7F0D9501B7C}.Release|Any CPU.ActiveCfg = Release|Any CPU
		{07DF7FC4-A780-4D1D-88F4-B7F0D9501B7C}.Release|Any CPU.Build.0 = Release|Any CPU
		{8106BC16-82C1-471C-916B-E61043936CFA}.Debug|Any CPU.ActiveCfg = Debug|Any CPU
		{8106BC16-82C1-471C-916B-E61043936CFA}.Debug|Any CPU.Build.0 = Debug|Any CPU
		{8106BC16-82C1-471C-916B-E61043936CFA}.Release|Any CPU.ActiveCfg = Release|Any CPU
		{8106BC16-82C1-471C-916B-E61043936CFA}.Release|Any CPU.Build.0 = Release|Any CPU
		{187937F9-5783-4101-A45E-E5D851AEFDAA}.Debug|Any CPU.ActiveCfg = Debug|Any CPU
		{187937F9-5783-4101-A45E-E5D851AEFDAA}.Debug|Any CPU.Build.0 = Debug|Any CPU
		{187937F9-5783-4101-A45E-E5D851AEFDAA}.Release|Any CPU.ActiveCfg = Release|Any CPU
		{187937F9-5783-4101-A45E-E5D851AEFDAA}.Release|Any CPU.Build.0 = Release|Any CPU
	EndGlobalSection
EndGlobal
