Microsoft Visual Studio Solution File, Format Version 9.00
# Visual Studio 2005
Project("{FAE04EC0-301F-11D3-BF4B-00C04F79EFBC}") = "OpenMetaverse.GUI", "..\libomv\OpenMetaverse.GUI\OpenMetaverse.GUI.csproj", "{95E0B955-6367-4CA4-8E6F-CB78AFAA6CA2}"
EndProject
Project("{FAE04EC0-301F-11D3-BF4B-00C04F79EFBC}") = "GridAccountant", "..\libomv\Programs\examples\GridAccountant\GridAccountant.csproj", "{51B66038-45C7-460F-9F61-4F2FB7B0DA3E}"
EndProject
Project("{FAE04EC0-301F-11D3-BF4B-00C04F79EFBC}") = "OpenMetaverseTypes", "..\libomv\OpenMetaverse\Types\OpenMetaverseTypes.csproj", "{93771DF4-C9A5-4254-95B8-0E4F157766FE}"
EndProject
Project("{FAE04EC0-301F-11D3-BF4B-00C04F79EFBC}") = "groupmanager", "..\libomv\Programs\examples\groupmanager\groupmanager.csproj", "{283F451A-333E-4C71-BB2E-795ACE8D9C79}"
EndProject
Project("{FAE04EC0-301F-11D3-BF4B-00C04F79EFBC}") = "Dashboard", "..\libomv\Programs\examples\Dashboard\Dashboard.csproj", "{7B9B6A48-12E7-4B43-9194-653121F9D1B8}"
EndProject
Project("{FAE04EC0-301F-11D3-BF4B-00C04F79EFBC}") = "Baker", "..\libomv\Programs\Baker\Baker.csproj", "{F02C963F-A65A-4D72-A56C-06771EC1AA60}"
EndProject
Project("{FAE04EC0-301F-11D3-BF4B-00C04F79EFBC}") = "VoiceTest", "..\libomv\Programs\VoiceTest\VoiceTest.csproj", "{57CC2A34-B8A0-4140-94E5-D0EFA5F74802}"
EndProject
Project("{FAE04EC0-301F-11D3-BF4B-00C04F79EFBC}") = "GridProxy", "..\libomv\Programs\GridProxy\GridProxy.csproj", "{949B658B-E29E-49C4-B6D9-FDBB5E32E44C}"
EndProject
Project("{FAE04EC0-301F-11D3-BF4B-00C04F79EFBC}") = "importprimscript", "..\libomv\Programs\importprimscript\importprimscript.csproj", "{054A85DD-089E-485D-BD6A-DC8688F7A57C}"
EndProject
Project("{FAE04EC0-301F-11D3-BF4B-00C04F79EFBC}") = "GridImageUpload", "..\libomv\Programs\GridImageUpload\GridImageUpload.csproj", "{8FEE355E-126C-4DB5-ADE3-98C72F5CEED2}"
EndProject
Project("{FAE04EC0-301F-11D3-BF4B-00C04F79EFBC}") = "GUITestClient", "..\libomv\Programs\examples\GUITestClient\GUITestClient.csproj", "{8C0286FA-40A6-4C17-A62A-53B2069F9D42}"
EndProject
Project("{FAE04EC0-301F-11D3-BF4B-00C04F79EFBC}") = "mapgenerator", "..\libomv\Programs\mapgenerator\mapgenerator.csproj", "{EED076C2-1ECA-4A24-AF75-A77F82171D88}"
EndProject
Project("{FAE04EC0-301F-11D3-BF4B-00C04F79EFBC}") = "OpenMetaverse.Utilities", "..\libomv\OpenMetaverse.Utilities\OpenMetaverse.Utilities.csproj", "{2764C677-2138-40BC-9A75-8C37937B6B27}"
EndProject
Project("{FAE04EC0-301F-11D3-BF4B-00C04F79EFBC}") = "Heightmap", "..\libomv\Programs\examples\Heightmap\Heightmap.csproj", "{ED79A379-7B44-4C85-8412-DD7608E0835E}"
EndProject
Project("{FAE04EC0-301F-11D3-BF4B-00C04F79EFBC}") = "OpenMetaverse", "..\libomv\OpenMetaverse\OpenMetaverse.csproj", "{6A1F8292-C2F7-4580-861A-1788AE5F0A9F}"
EndProject
Project("{FAE04EC0-301F-11D3-BF4B-00C04F79EFBC}") = "PacketDump", "..\libomv\Programs\examples\PacketDump\PacketDump.csproj", "{0F10029D-5485-4100-A26E-0FF4F80D06BF}"
EndProject
Project("{FAE04EC0-301F-11D3-BF4B-00C04F79EFBC}") = "VisualParamGenerator", "..\libomv\Programs\VisualParamGenerator\VisualParamGenerator.csproj", "{D2FDF4DC-459A-437E-ACD8-B428DC0C0D11}"
EndProject
Project("{FAE04EC0-301F-11D3-BF4B-00C04F79EFBC}") = "Simian", "..\libomv\Programs\Simian\Simian.csproj", "{DBAE53CD-AFCF-4BA4-A8CD-344E1E484B22}"
EndProject
Project("{FAE04EC0-301F-11D3-BF4B-00C04F79EFBC}") = "AvatarPreview", "..\libomv\Programs\AvatarPreview\AvatarPreview.csproj", "{7FE77A60-2335-4ED5-8442-AB0366005807}"
EndProject
Project("{FAE04EC0-301F-11D3-BF4B-00C04F79EFBC}") = "OpenMetaverse.Rendering.Simple", "..\libomv\OpenMetaverse.Rendering.Simple\OpenMetaverse.Rendering.Simple.csproj", "{7F6BE554-CEBA-47CF-8C41-C5A0A247C5D5}"
EndProject
Project("{FAE04EC0-301F-11D3-BF4B-00C04F79EFBC}") = "OpenMetaverse.Tests", "..\libomv\OpenMetaverse.Tests\OpenMetaverse.Tests.csproj", "{E5889CBF-C429-46C1-966E-F8B3CD377592}"
EndProject
Project("{FAE04EC0-301F-11D3-BF4B-00C04F79EFBC}") = "TestClient", "..\libomv\Programs\examples\TestClient\TestClient.csproj", "{7DABAD01-C15D-4D30-AD96-F9B0CEC729A4}"
EndProject
Project("{FAE04EC0-301F-11D3-BF4B-00C04F79EFBC}") = "SecondGlance", "..\libomv\Programs\SecondGlance\SecondGlance.csproj", "{8586F37B-696E-49EE-93A3-D695DF1DDB6C}"
EndProject
Project("{FAE04EC0-301F-11D3-BF4B-00C04F79EFBC}") = "GridProxyApp", "..\libomv\Programs\GridProxy\GridProxyApp.csproj", "{FB5F13B9-74E8-44D8-8755-7ECF254ED325}"
EndProject
Project("{FAE04EC0-301F-11D3-BF4B-00C04F79EFBC}") = "PrimWorkshop", "..\libomv\Programs\PrimWorkshop\PrimWorkshop.csproj", "{A4E3E1D1-D37F-4EB8-B5E7-174BFAF0CFE7}"
EndProject
Project("{2150E333-8FDC-42A3-9474-1A3956D46DE8}") = "Solution Files", "Solution Files", "{5A79D2A8-713A-4EF5-93AB-777BEF7B94C5}"
EndProject
Global
	GlobalSection(SolutionConfigurationPlatforms) = preSolution
		Debug|Any CPU = Debug|Any CPU
		Release|Any CPU = Release|Any CPU
	EndGlobalSection
	GlobalSection(ProjectConfigurationPlatforms) = postSolution
		{95E0B955-6367-4CA4-8E6F-CB78AFAA6CA2}.Debug|Any CPU.ActiveCfg = Debug|Any CPU
		{95E0B955-6367-4CA4-8E6F-CB78AFAA6CA2}.Debug|Any CPU.Build.0 = Debug|Any CPU
		{95E0B955-6367-4CA4-8E6F-CB78AFAA6CA2}.Release|Any CPU.ActiveCfg = Release|Any CPU
		{95E0B955-6367-4CA4-8E6F-CB78AFAA6CA2}.Release|Any CPU.Build.0 = Release|Any CPU
		{51B66038-45C7-460F-9F61-4F2FB7B0DA3E}.Debug|Any CPU.ActiveCfg = Debug|Any CPU
		{51B66038-45C7-460F-9F61-4F2FB7B0DA3E}.Debug|Any CPU.Build.0 = Debug|Any CPU
		{51B66038-45C7-460F-9F61-4F2FB7B0DA3E}.Release|Any CPU.ActiveCfg = Release|Any CPU
		{51B66038-45C7-460F-9F61-4F2FB7B0DA3E}.Release|Any CPU.Build.0 = Release|Any CPU
		{93771DF4-C9A5-4254-95B8-0E4F157766FE}.Debug|Any CPU.ActiveCfg = Debug|Any CPU
		{93771DF4-C9A5-4254-95B8-0E4F157766FE}.Debug|Any CPU.Build.0 = Debug|Any CPU
		{93771DF4-C9A5-4254-95B8-0E4F157766FE}.Release|Any CPU.ActiveCfg = Release|Any CPU
		{93771DF4-C9A5-4254-95B8-0E4F157766FE}.Release|Any CPU.Build.0 = Release|Any CPU
		{283F451A-333E-4C71-BB2E-795ACE8D9C79}.Debug|Any CPU.ActiveCfg = Debug|Any CPU
		{283F451A-333E-4C71-BB2E-795ACE8D9C79}.Debug|Any CPU.Build.0 = Debug|Any CPU
		{283F451A-333E-4C71-BB2E-795ACE8D9C79}.Release|Any CPU.ActiveCfg = Release|Any CPU
		{283F451A-333E-4C71-BB2E-795ACE8D9C79}.Release|Any CPU.Build.0 = Release|Any CPU
		{7B9B6A48-12E7-4B43-9194-653121F9D1B8}.Debug|Any CPU.ActiveCfg = Debug|Any CPU
		{7B9B6A48-12E7-4B43-9194-653121F9D1B8}.Debug|Any CPU.Build.0 = Debug|Any CPU
		{7B9B6A48-12E7-4B43-9194-653121F9D1B8}.Release|Any CPU.ActiveCfg = Release|Any CPU
		{7B9B6A48-12E7-4B43-9194-653121F9D1B8}.Release|Any CPU.Build.0 = Release|Any CPU
		{F02C963F-A65A-4D72-A56C-06771EC1AA60}.Debug|Any CPU.ActiveCfg = Debug|Any CPU
		{F02C963F-A65A-4D72-A56C-06771EC1AA60}.Debug|Any CPU.Build.0 = Debug|Any CPU
		{F02C963F-A65A-4D72-A56C-06771EC1AA60}.Release|Any CPU.ActiveCfg = Release|Any CPU
		{F02C963F-A65A-4D72-A56C-06771EC1AA60}.Release|Any CPU.Build.0 = Release|Any CPU
		{57CC2A34-B8A0-4140-94E5-D0EFA5F74802}.Debug|Any CPU.ActiveCfg = Debug|Any CPU
		{57CC2A34-B8A0-4140-94E5-D0EFA5F74802}.Debug|Any CPU.Build.0 = Debug|Any CPU
		{57CC2A34-B8A0-4140-94E5-D0EFA5F74802}.Release|Any CPU.ActiveCfg = Release|Any CPU
		{57CC2A34-B8A0-4140-94E5-D0EFA5F74802}.Release|Any CPU.Build.0 = Release|Any CPU
		{949B658B-E29E-49C4-B6D9-FDBB5E32E44C}.Debug|Any CPU.ActiveCfg = Debug|Any CPU
		{949B658B-E29E-49C4-B6D9-FDBB5E32E44C}.Debug|Any CPU.Build.0 = Debug|Any CPU
		{949B658B-E29E-49C4-B6D9-FDBB5E32E44C}.Release|Any CPU.ActiveCfg = Release|Any CPU
		{949B658B-E29E-49C4-B6D9-FDBB5E32E44C}.Release|Any CPU.Build.0 = Release|Any CPU
		{054A85DD-089E-485D-BD6A-DC8688F7A57C}.Debug|Any CPU.ActiveCfg = Debug|Any CPU
		{054A85DD-089E-485D-BD6A-DC8688F7A57C}.Debug|Any CPU.Build.0 = Debug|Any CPU
		{054A85DD-089E-485D-BD6A-DC8688F7A57C}.Release|Any CPU.ActiveCfg = Release|Any CPU
		{054A85DD-089E-485D-BD6A-DC8688F7A57C}.Release|Any CPU.Build.0 = Release|Any CPU
		{8FEE355E-126C-4DB5-ADE3-98C72F5CEED2}.Debug|Any CPU.ActiveCfg = Debug|Any CPU
		{8FEE355E-126C-4DB5-ADE3-98C72F5CEED2}.Debug|Any CPU.Build.0 = Debug|Any CPU
		{8FEE355E-126C-4DB5-ADE3-98C72F5CEED2}.Release|Any CPU.ActiveCfg = Release|Any CPU
		{8FEE355E-126C-4DB5-ADE3-98C72F5CEED2}.Release|Any CPU.Build.0 = Release|Any CPU
		{8C0286FA-40A6-4C17-A62A-53B2069F9D42}.Debug|Any CPU.ActiveCfg = Debug|Any CPU
		{8C0286FA-40A6-4C17-A62A-53B2069F9D42}.Debug|Any CPU.Build.0 = Debug|Any CPU
		{8C0286FA-40A6-4C17-A62A-53B2069F9D42}.Release|Any CPU.ActiveCfg = Release|Any CPU
		{8C0286FA-40A6-4C17-A62A-53B2069F9D42}.Release|Any CPU.Build.0 = Release|Any CPU
		{EED076C2-1ECA-4A24-AF75-A77F82171D88}.Debug|Any CPU.ActiveCfg = Debug|Any CPU
		{EED076C2-1ECA-4A24-AF75-A77F82171D88}.Debug|Any CPU.Build.0 = Debug|Any CPU
		{EED076C2-1ECA-4A24-AF75-A77F82171D88}.Release|Any CPU.ActiveCfg = Release|Any CPU
		{EED076C2-1ECA-4A24-AF75-A77F82171D88}.Release|Any CPU.Build.0 = Release|Any CPU
		{2764C677-2138-40BC-9A75-8C37937B6B27}.Debug|Any CPU.ActiveCfg = Debug|Any CPU
		{2764C677-2138-40BC-9A75-8C37937B6B27}.Debug|Any CPU.Build.0 = Debug|Any CPU
		{2764C677-2138-40BC-9A75-8C37937B6B27}.Release|Any CPU.ActiveCfg = Release|Any CPU
		{2764C677-2138-40BC-9A75-8C37937B6B27}.Release|Any CPU.Build.0 = Release|Any CPU
		{ED79A379-7B44-4C85-8412-DD7608E0835E}.Debug|Any CPU.ActiveCfg = Debug|Any CPU
		{ED79A379-7B44-4C85-8412-DD7608E0835E}.Debug|Any CPU.Build.0 = Debug|Any CPU
		{ED79A379-7B44-4C85-8412-DD7608E0835E}.Release|Any CPU.ActiveCfg = Release|Any CPU
		{ED79A379-7B44-4C85-8412-DD7608E0835E}.Release|Any CPU.Build.0 = Release|Any CPU
		{6A1F8292-C2F7-4580-861A-1788AE5F0A9F}.Debug|Any CPU.ActiveCfg = Debug|Any CPU
		{6A1F8292-C2F7-4580-861A-1788AE5F0A9F}.Debug|Any CPU.Build.0 = Debug|Any CPU
		{6A1F8292-C2F7-4580-861A-1788AE5F0A9F}.Release|Any CPU.ActiveCfg = Release|Any CPU
		{6A1F8292-C2F7-4580-861A-1788AE5F0A9F}.Release|Any CPU.Build.0 = Release|Any CPU
		{0F10029D-5485-4100-A26E-0FF4F80D06BF}.Debug|Any CPU.ActiveCfg = Debug|Any CPU
		{0F10029D-5485-4100-A26E-0FF4F80D06BF}.Debug|Any CPU.Build.0 = Debug|Any CPU
		{0F10029D-5485-4100-A26E-0FF4F80D06BF}.Release|Any CPU.ActiveCfg = Release|Any CPU
		{0F10029D-5485-4100-A26E-0FF4F80D06BF}.Release|Any CPU.Build.0 = Release|Any CPU
		{D2FDF4DC-459A-437E-ACD8-B428DC0C0D11}.Debug|Any CPU.ActiveCfg = Debug|Any CPU
		{D2FDF4DC-459A-437E-ACD8-B428DC0C0D11}.Debug|Any CPU.Build.0 = Debug|Any CPU
		{D2FDF4DC-459A-437E-ACD8-B428DC0C0D11}.Release|Any CPU.ActiveCfg = Release|Any CPU
		{D2FDF4DC-459A-437E-ACD8-B428DC0C0D11}.Release|Any CPU.Build.0 = Release|Any CPU
		{DBAE53CD-AFCF-4BA4-A8CD-344E1E484B22}.Debug|Any CPU.ActiveCfg = Debug|Any CPU
		{DBAE53CD-AFCF-4BA4-A8CD-344E1E484B22}.Debug|Any CPU.Build.0 = Debug|Any CPU
		{DBAE53CD-AFCF-4BA4-A8CD-344E1E484B22}.Release|Any CPU.ActiveCfg = Release|Any CPU
		{DBAE53CD-AFCF-4BA4-A8CD-344E1E484B22}.Release|Any CPU.Build.0 = Release|Any CPU
		{7FE77A60-2335-4ED5-8442-AB0366005807}.Debug|Any CPU.ActiveCfg = Debug|Any CPU
		{7FE77A60-2335-4ED5-8442-AB0366005807}.Debug|Any CPU.Build.0 = Debug|Any CPU
		{7FE77A60-2335-4ED5-8442-AB0366005807}.Release|Any CPU.ActiveCfg = Release|Any CPU
		{7FE77A60-2335-4ED5-8442-AB0366005807}.Release|Any CPU.Build.0 = Release|Any CPU
		{7F6BE554-CEBA-47CF-8C41-C5A0A247C5D5}.Debug|Any CPU.ActiveCfg = Debug|Any CPU
		{7F6BE554-CEBA-47CF-8C41-C5A0A247C5D5}.Debug|Any CPU.Build.0 = Debug|Any CPU
		{7F6BE554-CEBA-47CF-8C41-C5A0A247C5D5}.Release|Any CPU.ActiveCfg = Release|Any CPU
		{7F6BE554-CEBA-47CF-8C41-C5A0A247C5D5}.Release|Any CPU.Build.0 = Release|Any CPU
		{E5889CBF-C429-46C1-966E-F8B3CD377592}.Debug|Any CPU.ActiveCfg = Debug|Any CPU
		{E5889CBF-C429-46C1-966E-F8B3CD377592}.Debug|Any CPU.Build.0 = Debug|Any CPU
		{E5889CBF-C429-46C1-966E-F8B3CD377592}.Release|Any CPU.ActiveCfg = Release|Any CPU
		{E5889CBF-C429-46C1-966E-F8B3CD377592}.Release|Any CPU.Build.0 = Release|Any CPU
		{7DABAD01-C15D-4D30-AD96-F9B0CEC729A4}.Debug|Any CPU.ActiveCfg = Debug|Any CPU
		{7DABAD01-C15D-4D30-AD96-F9B0CEC729A4}.Debug|Any CPU.Build.0 = Debug|Any CPU
		{7DABAD01-C15D-4D30-AD96-F9B0CEC729A4}.Release|Any CPU.ActiveCfg = Release|Any CPU
		{7DABAD01-C15D-4D30-AD96-F9B0CEC729A4}.Release|Any CPU.Build.0 = Release|Any CPU
		{8586F37B-696E-49EE-93A3-D695DF1DDB6C}.Debug|Any CPU.ActiveCfg = Debug|Any CPU
		{8586F37B-696E-49EE-93A3-D695DF1DDB6C}.Debug|Any CPU.Build.0 = Debug|Any CPU
		{8586F37B-696E-49EE-93A3-D695DF1DDB6C}.Release|Any CPU.ActiveCfg = Release|Any CPU
		{8586F37B-696E-49EE-93A3-D695DF1DDB6C}.Release|Any CPU.Build.0 = Release|Any CPU
		{FB5F13B9-74E8-44D8-8755-7ECF254ED325}.Debug|Any CPU.ActiveCfg = Debug|Any CPU
		{FB5F13B9-74E8-44D8-8755-7ECF254ED325}.Debug|Any CPU.Build.0 = Debug|Any CPU
		{FB5F13B9-74E8-44D8-8755-7ECF254ED325}.Release|Any CPU.ActiveCfg = Release|Any CPU
		{FB5F13B9-74E8-44D8-8755-7ECF254ED325}.Release|Any CPU.Build.0 = Release|Any CPU
		{A4E3E1D1-D37F-4EB8-B5E7-174BFAF0CFE7}.Debug|Any CPU.ActiveCfg = Debug|Any CPU
		{A4E3E1D1-D37F-4EB8-B5E7-174BFAF0CFE7}.Debug|Any CPU.Build.0 = Debug|Any CPU
		{A4E3E1D1-D37F-4EB8-B5E7-174BFAF0CFE7}.Release|Any CPU.ActiveCfg = Release|Any CPU
		{A4E3E1D1-D37F-4EB8-B5E7-174BFAF0CFE7}.Release|Any CPU.Build.0 = Release|Any CPU
	EndGlobalSection
EndGlobal
